
Microsoft Visual Studio Solution File, Format Version 12.00
# Visual Studio 15
VisualStudioVersion = 15.0.28010.0
MinimumVisualStudioVersion = 10.0.40219.1
Project("{FAE04EC0-301F-11D3-BF4B-00C04F79EFBC}") = "NameSorterV3", "NameSorterV3\NameSorterV3.csproj", "{71DB4853-8A31-4980-8675-05CE5F6D9F82}"
EndProject
Project("{9A19103F-16F7-4668-BE54-9A1E7A4F7556}") = "XUnitTestNameSorter", "XUnitTestNameSorter\XUnitTestNameSorter.csproj", "{D128BB25-42B7-4BD7-A97F-ABBAD35B5C85}"
	ProjectSection(ProjectDependencies) = postProject
		{71DB4853-8A31-4980-8675-05CE5F6D9F82} = {71DB4853-8A31-4980-8675-05CE5F6D9F82}
	EndProjectSection
EndProject
Global
	GlobalSection(SolutionConfigurationPlatforms) = preSolution
		Debug|Any CPU = Debug|Any CPU
		Release|Any CPU = Release|Any CPU
	EndGlobalSection
	GlobalSection(ProjectConfigurationPlatforms) = postSolution
		{71DB4853-8A31-4980-8675-05CE5F6D9F82}.Debug|Any CPU.ActiveCfg = Debug|Any CPU
		{71DB4853-8A31-4980-8675-05CE5F6D9F82}.Debug|Any CPU.Build.0 = Debug|Any CPU
		{71DB4853-8A31-4980-8675-05CE5F6D9F82}.Release|Any CPU.ActiveCfg = Release|Any CPU
		{71DB4853-8A31-4980-8675-05CE5F6D9F82}.Release|Any CPU.Build.0 = Release|Any CPU
		{D128BB25-42B7-4BD7-A97F-ABBAD35B5C85}.Debug|Any CPU.ActiveCfg = Debug|Any CPU
		{D128BB25-42B7-4BD7-A97F-ABBAD35B5C85}.Debug|Any CPU.Build.0 = Debug|Any CPU
		{D128BB25-42B7-4BD7-A97F-ABBAD35B5C85}.Release|Any CPU.ActiveCfg = Release|Any CPU
		{D128BB25-42B7-4BD7-A97F-ABBAD35B5C85}.Release|Any CPU.Build.0 = Release|Any CPU
	EndGlobalSection
	GlobalSection(SolutionProperties) = preSolution
		HideSolutionNode = FALSE
	EndGlobalSection
	GlobalSection(ExtensibilityGlobals) = postSolution
		SolutionGuid = {A6121BB1-71E3-43F2-B3CF-6445772DE455}
	EndGlobalSection
EndGlobal
